
Microsoft Visual Studio Solution File, Format Version 12.00
# Visual Studio 2012
Project("{FAE04EC0-301F-11D3-BF4B-00C04F79EFBC}") = "ZeroconfService", "ZeroconfService\ZeroconfService.csproj", "{AD5CF7A9-93C4-48DD-ACD8-38DD434F1491}"
EndProject
Project("{FAE04EC0-301F-11D3-BF4B-00C04F79EFBC}") = "BrowseServiceSample", "BrowseServiceSample\BrowseServiceSample.csproj", "{68630B54-FEA1-49AC-8D1A-833D6B66EC7E}"
EndProject
Project("{FAE04EC0-301F-11D3-BF4B-00C04F79EFBC}") = "PublishServiceSample", "PublishServiceSample\PublishServiceSample.csproj", "{FD584957-4B8A-4336-82F4-5771151B7581}"
EndProject
Global
	GlobalSection(SolutionConfigurationPlatforms) = preSolution
		Debug|Any CPU = Debug|Any CPU
		Release|Any CPU = Release|Any CPU
	EndGlobalSection
	GlobalSection(ProjectConfigurationPlatforms) = postSolution
		{AD5CF7A9-93C4-48DD-ACD8-38DD434F1491}.Debug|Any CPU.ActiveCfg = Debug|Any CPU
		{AD5CF7A9-93C4-48DD-ACD8-38DD434F1491}.Debug|Any CPU.Build.0 = Debug|Any CPU
		{AD5CF7A9-93C4-48DD-ACD8-38DD434F1491}.Release|Any CPU.ActiveCfg = Release|Any CPU
		{AD5CF7A9-93C4-48DD-ACD8-38DD434F1491}.Release|Any CPU.Build.0 = Release|Any CPU
		{68630B54-FEA1-49AC-8D1A-833D6B66EC7E}.Debug|Any CPU.ActiveCfg = Debug|Any CPU
		{68630B54-FEA1-49AC-8D1A-833D6B66EC7E}.Debug|Any CPU.Build.0 = Debug|Any CPU
		{68630B54-FEA1-49AC-8D1A-833D6B66EC7E}.Release|Any CPU.ActiveCfg = Release|Any CPU
		{68630B54-FEA1-49AC-8D1A-833D6B66EC7E}.Release|Any CPU.Build.0 = Release|Any CPU
		{FD584957-4B8A-4336-82F4-5771151B7581}.Debug|Any CPU.ActiveCfg = Debug|Any CPU
		{FD584957-4B8A-4336-82F4-5771151B7581}.Debug|Any CPU.Build.0 = Debug|Any CPU
		{FD584957-4B8A-4336-82F4-5771151B7581}.Release|Any CPU.ActiveCfg = Release|Any CPU
		{FD584957-4B8A-4336-82F4-5771151B7581}.Release|Any CPU.Build.0 = Release|Any CPU
	EndGlobalSection
	GlobalSection(SolutionProperties) = preSolution
		HideSolutionNode = FALSE
	EndGlobalSection
EndGlobal
